
Microsoft Visual Studio Solution File, Format Version 12.00
# Visual Studio 2013
VisualStudioVersion = 12.0.21005.1
MinimumVisualStudioVersion = 10.0.40219.1
Project("{FAE04EC0-301F-11D3-BF4B-00C04F79EFBC}") = "ShoesWebsite", "ShoesWebsite\ShoesWebsite.csproj", "{BA07AEE1-8BC0-4A07-AF1C-0C20351F0ABC}"
EndProject
Project("{FAE04EC0-301F-11D3-BF4B-00C04F79EFBC}") = "ShoesWebsite.Tests", "ShoesWebsite.Tests\ShoesWebsite.Tests.csproj", "{3C7974EC-A9A7-4043-B711-77FD7FFF71E7}"
EndProject
Global
	GlobalSection(SolutionConfigurationPlatforms) = preSolution
		Debug|Any CPU = Debug|Any CPU
		Release|Any CPU = Release|Any CPU
	EndGlobalSection
	GlobalSection(ProjectConfigurationPlatforms) = postSolution
		{BA07AEE1-8BC0-4A07-AF1C-0C20351F0ABC}.Debug|Any CPU.ActiveCfg = Debug|Any CPU
		{BA07AEE1-8BC0-4A07-AF1C-0C20351F0ABC}.Debug|Any CPU.Build.0 = Debug|Any CPU
		{BA07AEE1-8BC0-4A07-AF1C-0C20351F0ABC}.Release|Any CPU.ActiveCfg = Release|Any CPU
		{BA07AEE1-8BC0-4A07-AF1C-0C20351F0ABC}.Release|Any CPU.Build.0 = Release|Any CPU
		{3C7974EC-A9A7-4043-B711-77FD7FFF71E7}.Debug|Any CPU.ActiveCfg = Debug|Any CPU
		{3C7974EC-A9A7-4043-B711-77FD7FFF71E7}.Debug|Any CPU.Build.0 = Debug|Any CPU
		{3C7974EC-A9A7-4043-B711-77FD7FFF71E7}.Release|Any CPU.ActiveCfg = Release|Any CPU
		{3C7974EC-A9A7-4043-B711-77FD7FFF71E7}.Release|Any CPU.Build.0 = Release|Any CPU
	EndGlobalSection
	GlobalSection(SolutionProperties) = preSolution
		HideSolutionNode = FALSE
	EndGlobalSection
EndGlobal
